// !$*UTF8*$!
{
	archiveVersion = 1;
	classes = {
	};
	objectVersion = 46;
	objects = {

/* Begin PBXBuildFile section */
		835C219F1B4D4AA40096EC89 /* main.m in Sources */ = {isa = PBXBuildFile; fileRef = 835C219E1B4D4AA40096EC89 /* main.m */; };
		835C21A21B4D4AA40096EC89 /* AppDelegate.m in Sources */ = {isa = PBXBuildFile; fileRef = 835C21A11B4D4AA40096EC89 /* AppDelegate.m */; };
		835C21A51B4D4AA40096EC89 /* ViewController.m in Sources */ = {isa = PBXBuildFile; fileRef = 835C21A41B4D4AA40096EC89 /* ViewController.m */; };
		835C21A81B4D4AA40096EC89 /* Main.storyboard in Resources */ = {isa = PBXBuildFile; fileRef = 835C21A61B4D4AA40096EC89 /* Main.storyboard */; };
		835C21AA1B4D4AA40096EC89 /* Images.xcassets in Resources */ = {isa = PBXBuildFile; fileRef = 835C21A91B4D4AA40096EC89 /* Images.xcassets */; };
		835C21AD1B4D4AA40096EC89 /* LaunchScreen.xib in Resources */ = {isa = PBXBuildFile; fileRef = 835C21AB1B4D4AA40096EC89 /* LaunchScreen.xib */; };
		835C21B91B4D4AA40096EC89 /* TongChuangBaoTests.m in Sources */ = {isa = PBXBuildFile; fileRef = 835C21B81B4D4AA40096EC89 /* TongChuangBaoTests.m */; };
/* End PBXBuildFile section */

/* Begin PBXContainerItemProxy section */
		835C21B31B4D4AA40096EC89 /* PBXContainerItemProxy */ = {
			isa = PBXContainerItemProxy;
			containerPortal = 835C21911B4D4AA40096EC89 /* Project object */;
			proxyType = 1;
			remoteGlobalIDString = 835C21981B4D4AA40096EC89;
			remoteInfo = TongChuangBao;
		};
/* End PBXContainerItemProxy section */

/* Begin PBXFileReference section */
		835C21991B4D4AA40096EC89 /* TongChuangBao.app */ = {isa = PBXFileReference; explicitFileType = wrapper.application; includeInIndex = 0; path = TongChuangBao.app; sourceTree = BUILT_PRODUCTS_DIR; };
		835C219D1B4D4AA40096EC89 /* Info.plist */ = {isa = PBXFileReference; lastKnownFileType = text.plist.xml; path = Info.plist; sourceTree = "<group>"; };
		835C219E1B4D4AA40096EC89 /* main.m */ = {isa = PBXFileReference; lastKnownFileType = sourcecode.c.objc; path = main.m; sourceTree = "<group>"; };
		835C21A01B4D4AA40096EC89 /* AppDelegate.h */ = {isa = PBXFileReference; lastKnownFileType = sourcecode.c.h; path = AppDelegate.h; sourceTree = "<group>"; };
		835C21A11B4D4AA40096EC89 /* AppDelegate.m */ = {isa = PBXFileReference; lastKnownFileType = sourcecode.c.objc; path = AppDelegate.m; sourceTree = "<group>"; };
		835C21A31B4D4AA40096EC89 /* ViewController.h */ = {isa = PBXFileReference; lastKnownFileType = sourcecode.c.h; path = ViewController.h; sourceTree = "<group>"; };
		835C21A41B4D4AA40096EC89 /* ViewController.m */ = {isa = PBXFileReference; lastKnownFileType = sourcecode.c.objc; path = ViewController.m; sourceTree = "<group>"; };
		835C21A71B4D4AA40096EC89 /* Base */ = {isa = PBXFileReference; lastKnownFileType = file.storyboard; name = Base; path = Base.lproj/Main.storyboard; sourceTree = "<group>"; };
		835C21A91B4D4AA40096EC89 /* Images.xcassets */ = {isa = PBXFileReference; lastKnownFileType = folder.assetcatalog; path = Images.xcassets; sourceTree = "<group>"; };
		835C21AC1B4D4AA40096EC89 /* Base */ = {isa = PBXFileReference; lastKnownFileType = file.xib; name = Base; path = Base.lproj/LaunchScreen.xib; sourceTree = "<group>"; };
		835C21B21B4D4AA40096EC89 /* TongChuangBaoTests.xctest */ = {isa = PBXFileReference; explicitFileType = wrapper.cfbundle; includeInIndex = 0; path = TongChuangBaoTests.xctest; sourceTree = BUILT_PRODUCTS_DIR; };
		835C21B71B4D4AA40096EC89 /* Info.plist */ = {isa = PBXFileReference; lastKnownFileType = text.plist.xml; path = Info.plist; sourceTree = "<group>"; };
		835C21B81B4D4AA40096EC89 /* TongChuangBaoTests.m */ = {isa = PBXFileReference; lastKnownFileType = sourcecode.c.objc; path = TongChuangBaoTests.m; sourceTree = "<group>"; };
/* End PBXFileReference section */

/* Begin PBXFrameworksBuildPhase section */
		835C21961B4D4AA40096EC89 /* Frameworks */ = {
			isa = PBXFrameworksBuildPhase;
			buildActionMask = 2147483647;
			files = (
			);
			runOnlyForDeploymentPostprocessing = 0;
		};
		835C21AF1B4D4AA40096EC89 /* Frameworks */ = {
			isa = PBXFrameworksBuildPhase;
			buildActionMask = 2147483647;
			files = (
			);
			runOnlyForDeploymentPostprocessing = 0;
		};
/* End PBXFrameworksBuildPhase section */

/* Begin PBXGroup section */
		835C21901B4D4AA40096EC89 = {
			isa = PBXGroup;
			children = (
				835C219B1B4D4AA40096EC89 /* TongChuangBao */,
				835C21B51B4D4AA40096EC89 /* TongChuangBaoTests */,
				835C219A1B4D4AA40096EC89 /* Products */,
			);
			sourceTree = "<group>";
		};
		835C219A1B4D4AA40096EC89 /* Products */ = {
			isa = PBXGroup;
			children = (
				835C21991B4D4AA40096EC89 /* TongChuangBao.app */,
				835C21B21B4D4AA40096EC89 /* TongChuangBaoTests.xctest */,
			);
			name = Products;
			sourceTree = "<group>";
		};
		835C219B1B4D4AA40096EC89 /* TongChuangBao */ = {
			isa = PBXGroup;
			children = (
				835C21A01B4D4AA40096EC89 /* AppDelegate.h */,
				835C21A11B4D4AA40096EC89 /* AppDelegate.m */,
				835C21A31B4D4AA40096EC89 /* ViewController.h */,
				835C21A41B4D4AA40096EC89 /* ViewController.m */,
				835C21A61B4D4AA40096EC89 /* Main.storyboard */,
				835C21A91B4D4AA40096EC89 /* Images.xcassets */,
				835C21AB1B4D4AA40096EC89 /* LaunchScreen.xib */,
				835C219C1B4D4AA40096EC89 /* Supporting Files */,
			);
			path = TongChuangBao;
			sourceTree = "<group>";
		};
		835C219C1B4D4AA40096EC89 /* Supporting Files */ = {
			isa = PBXGroup;
			children = (
				835C219D1B4D4AA40096EC89 /* Info.plist */,
				835C219E1B4D4AA40096EC89 /* main.m */,
			);
			name = "Supporting Files";
			sourceTree = "<group>";
		};
		835C21B51B4D4AA40096EC89 /* TongChuangBaoTests */ = {
			isa = PBXGroup;
			children = (
				835C21B81B4D4AA40096EC89 /* TongChuangBaoTests.m */,
				835C21B61B4D4AA40096EC89 /* Supporting Files */,
			);
			path = TongChuangBaoTests;
			sourceTree = "<group>";
		};
		835C21B61B4D4AA40096EC89 /* Supporting Files */ = {
			isa = PBXGroup;
			children = (
				835C21B71B4D4AA40096EC89 /* Info.plist */,
			);
			name = "Supporting Files";
			sourceTree = "<group>";
		};
/* End PBXGroup section */

/* Begin PBXNativeTarget section */
		835C21981B4D4AA40096EC89 /* TongChuangBao */ = {
			isa = PBXNativeTarget;
			buildConfigurationList = 835C21BC1B4D4AA40096EC89 /* Build configuration list for PBXNativeTarget "TongChuangBao" */;
			buildPhases = (
				835C21951B4D4AA40096EC89 /* Sources */,
				835C21961B4D4AA40096EC89 /* Frameworks */,
				835C21971B4D4AA40096EC89 /* Resources */,
			);
			buildRules = (
			);
			dependencies = (
			);
			name = TongChuangBao;
			productName = TongChuangBao;
			productReference = 835C21991B4D4AA40096EC89 /* TongChuangBao.app */;
			productType = "com.apple.product-type.application";
		};
		835C21B11B4D4AA40096EC89 /* TongChuangBaoTests */ = {
			isa = PBXNativeTarget;
			buildConfigurationList = 835C21BF1B4D4AA40096EC89 /* Build configuration list for PBXNativeTarget "TongChuangBaoTests" */;
			buildPhases = (
				835C21AE1B4D4AA40096EC89 /* Sources */,
				835C21AF1B4D4AA40096EC89 /* Frameworks */,
				835C21B01B4D4AA40096EC89 /* Resources */,
			);
			buildRules = (
			);
			dependencies = (
				835C21B41B4D4AA40096EC89 /* PBXTargetDependency */,
			);
			name = TongChuangBaoTests;
			productName = TongChuangBaoTests;
			productReference = 835C21B21B4D4AA40096EC89 /* TongChuangBaoTests.xctest */;
			productType = "com.apple.product-type.bundle.unit-test";
		};
/* End PBXNativeTarget section */

/* Begin PBXProject section */
		835C21911B4D4AA40096EC89 /* Project object */ = {
			isa = PBXProject;
			attributes = {
				LastUpgradeCheck = 0640;
				ORGANIZATIONNAME = Chris;
				TargetAttributes = {
					835C21981B4D4AA40096EC89 = {
						CreatedOnToolsVersion = 6.4;
					};
					835C21B11B4D4AA40096EC89 = {
						CreatedOnToolsVersion = 6.4;
						TestTargetID = 835C21981B4D4AA40096EC89;
					};
				};
			};
			buildConfigurationList = 835C21941B4D4AA40096EC89 /* Build configuration list for PBXProject "TongChuangBao" */;
			compatibilityVersion = "Xcode 3.2";
			developmentRegion = English;
			hasScannedForEncodings = 0;
			knownRegions = (
				en,
				Base,
			);
			mainGroup = 835C21901B4D4AA40096EC89;
			productRefGroup = 835C219A1B4D4AA40096EC89 /* Products */;
			projectDirPath = "";
			projectRoot = "";
			targets = (
				835C21981B4D4AA40096EC89 /* TongChuangBao */,
				835C21B11B4D4AA40096EC89 /* TongChuangBaoTests */,
			);
		};
/* End PBXProject section */

/* Begin PBXResourcesBuildPhase section */
		835C21971B4D4AA40096EC89 /* Resources */ = {
			isa = PBXResourcesBuildPhase;
			buildActionMask = 2147483647;
			files = (
				835C21A81B4D4AA40096EC89 /* Main.storyboard in Resources */,
				835C21AD1B4D4AA40096EC89 /* LaunchScreen.xib in Resources */,
				835C21AA1B4D4AA40096EC89 /* Images.xcassets in Resources */,
			);
			runOnlyForDeploymentPostprocessing = 0;
		};
		835C21B01B4D4AA40096EC89 /* Resources */ = {
			isa = PBXResourcesBuildPhase;
			buildActionMask = 2147483647;
			files = (
			);
			runOnlyForDeploymentPostprocessing = 0;
		};
/* End PBXResourcesBuildPhase section */

/* Begin PBXSourcesBuildPhase section */
		835C21951B4D4AA40096EC89 /* Sources */ = {
			isa = PBXSourcesBuildPhase;
			buildActionMask = 2147483647;
			files = (
				835C21A51B4D4AA40096EC89 /* ViewController.m in Sources */,
				835C21A21B4D4AA40096EC89 /* AppDelegate.m in Sources */,
				835C219F1B4D4AA40096EC89 /* main.m in Sources */,
			);
			runOnlyForDeploymentPostprocessing = 0;
		};
		835C21AE1B4D4AA40096EC89 /* Sources */ = {
			isa = PBXSourcesBuildPhase;
			buildActionMask = 2147483647;
			files = (
				835C21B91B4D4AA40096EC89 /* TongChuangBaoTests.m in Sources */,
			);
			runOnlyForDeploymentPostprocessing = 0;
		};
/* End PBXSourcesBuildPhase section */

/* Begin PBXTargetDependency section */
		835C21B41B4D4AA40096EC89 /* PBXTargetDependency */ = {
			isa = PBXTargetDependency;
			target = 835C21981B4D4AA40096EC89 /* TongChuangBao */;
			targetProxy = 835C21B31B4D4AA40096EC89 /* PBXContainerItemProxy */;
		};
/* End PBXTargetDependency section */

/* Begin PBXVariantGroup section */
		835C21A61B4D4AA40096EC89 /* Main.storyboard */ = {
			isa = PBXVariantGroup;
			children = (
				835C21A71B4D4AA40096EC89 /* Base */,
			);
			name = Main.storyboard;
			sourceTree = "<group>";
		};
		835C21AB1B4D4AA40096EC89 /* LaunchScreen.xib */ = {
			isa = PBXVariantGroup;
			children = (
				835C21AC1B4D4AA40096EC89 /* Base */,
			);
			name = LaunchScreen.xib;
			sourceTree = "<group>";
		};
/* End PBXVariantGroup section */

/* Begin XCBuildConfiguration section */
		835C21BA1B4D4AA40096EC89 /* Debug */ = {
			isa = XCBuildConfiguration;
			buildSettings = {
				ALWAYS_SEARCH_USER_PATHS = NO;
				CLANG_CXX_LANGUAGE_STANDARD = "gnu++0x";
				CLANG_CXX_LIBRARY = "libc++";
				CLANG_ENABLE_MODULES = YES;
				CLANG_ENABLE_OBJC_ARC = YES;
				CLANG_WARN_BOOL_CONVERSION = YES;
				CLANG_WARN_CONSTANT_CONVERSION = YES;
				CLANG_WARN_DIRECT_OBJC_ISA_USAGE = YES_ERROR;
				CLANG_WARN_EMPTY_BODY = YES;
				CLANG_WARN_ENUM_CONVERSION = YES;
				CLANG_WARN_INT_CONVERSION = YES;
				CLANG_WARN_OBJC_ROOT_CLASS = YES_ERROR;
				CLANG_WARN_UNREACHABLE_CODE = YES;
				CLANG_WARN__DUPLICATE_METHOD_MATCH = YES;
				"CODE_SIGN_IDENTITY[sdk=iphoneos*]" = "iPhone Developer";
				COPY_PHASE_STRIP = NO;
				DEBUG_INFORMATION_FORMAT = "dwarf-with-dsym";
				ENABLE_STRICT_OBJC_MSGSEND = YES;
				GCC_C_LANGUAGE_STANDARD = gnu99;
				GCC_DYNAMIC_NO_PIC = NO;
				GCC_NO_COMMON_BLOCKS = YES;
				GCC_OPTIMIZATION_LEVEL = 0;
				GCC_PREPROCESSOR_DEFINITIONS = (
					"DEBUG=1",
					"$(inherited)",
				);
				GCC_SYMBOLS_PRIVATE_EXTERN = NO;
				GCC_WARN_64_TO_32_BIT_CONVERSION = YES;
				GCC_WARN_ABOUT_RETURN_TYPE = YES_ERROR;
				GCC_WARN_UNDECLARED_SELECTOR = YES;
				GCC_WARN_UNINITIALIZED_AUTOS = YES_AGGRESSIVE;
				GCC_WARN_UNUSED_FUNCTION = YES;
				GCC_WARN_UNUSED_VARIABLE = YES;
				IPHONEOS_DEPLOYMENT_TARGET = 8.4;
				MTL_ENABLE_DEBUG_INFO = YES;
				ONLY_ACTIVE_ARCH = YES;
				SDKROOT = iphoneos;
			};
			name = Debug;
		};
		835C21BB1B4D4AA40096EC89 /* Release */ = {
			isa = XCBuildConfiguration;
			buildSettings = {
				ALWAYS_SEARCH_USER_PATHS = NO;
				CLANG_CXX_LANGUAGE_STANDARD = "gnu++0x";
				CLANG_CXX_LIBRARY = "libc++";
				CLANG_ENABLE_MODULES = YES;
				CLANG_ENABLE_OBJC_ARC = YES;
				CLANG_WARN_BOOL_CONVERSION = YES;
				CLANG_WARN_CONSTANT_CONVERSION = YES;
				CLANG_WARN_DIRECT_OBJC_ISA_USAGE = YES_ERROR;
				CLANG_WARN_EMPTY_BODY = YES;
				CLANG_WARN_ENUM_CONVERSION = YES;
				CLANG_WARN_INT_CONVERSION = YES;
				CLANG_WARN_OBJC_ROOT_CLASS = YES_ERROR;
				CLANG_WARN_UNREACHABLE_CODE = YES;
				CLANG_WARN__DUPLICATE_METHOD_MATCH = YES;
				"CODE_SIGN_IDENTITY[sdk=iphoneos*]" = "iPhone Developer";
				COPY_PHASE_STRIP = NO;
				DEBUG_INFORMATION_FORMAT = "dwarf-with-dsym";
				ENABLE_NS_ASSERTIONS = NO;
				ENABLE_STRICT_OBJC_MSGSEND = YES;
				GCC_C_LANGUAGE_STANDARD = gnu99;
				GCC_NO_COMMON_BLOCKS = YES;
				GCC_WARN_64_TO_32_BIT_CONVERSION = YES;
				GCC_WARN_ABOUT_RETURN_TYPE = YES_ERROR;
				GCC_WARN_UNDECLARED_SELECTOR = YES;
				GCC_WARN_UNINITIALIZED_AUTOS = YES_AGGRESSIVE;
				GCC_WARN_UNUSED_FUNCTION = YES;
				GCC_WARN_UNUSED_VARIABLE = YES;
				IPHONEOS_DEPLOYMENT_TARGET = 8.4;
				MTL_ENABLE_DEBUG_INFO = NO;
				SDKROOT = iphoneos;
				VALIDATE_PRODUCT = YES;
			};
			name = Release;
		};
		835C21BD1B4D4AA40096EC89 /* Debug */ = {
			isa = XCBuildConfiguration;
			buildSettings = {
				ASSETCATALOG_COMPILER_APPICON_NAME = AppIcon;
				INFOPLIST_FILE = TongChuangBao/Info.plist;
				LD_RUNPATH_SEARCH_PATHS = "$(inherited) @executable_path/Frameworks";
				PRODUCT_NAME = "$(TARGET_NAME)";
			};
			name = Debug;
		};
		835C21BE1B4D4AA40096EC89 /* Release */ = {
			isa = XCBuildConfiguration;
			buildSettings = {
				ASSETCATALOG_COMPILER_APPICON_NAME = AppIcon;
				INFOPLIST_FILE = TongChuangBao/Info.plist;
				LD_RUNPATH_SEARCH_PATHS = "$(inherited) @executable_path/Frameworks";
				PRODUCT_NAME = "$(TARGET_NAME)";
			};
			name = Release;
		};
		835C21C01B4D4AA40096EC89 /* Debug */ = {
			isa = XCBuildConfiguration;
			buildSettings = {
				BUNDLE_LOADER = "$(TEST_HOST)";
				FRAMEWORK_SEARCH_PATHS = (
					"$(SDKROOT)/Developer/Library/Frameworks",
					"$(inherited)",
				);
				GCC_PREPROCESSOR_DEFINITIONS = (
					"DEBUG=1",
					"$(inherited)",
				);
				INFOPLIST_FILE = TongChuangBaoTests/Info.plist;
				LD_RUNPATH_SEARCH_PATHS = "$(inherited) @executable_path/Frameworks @loader_path/Frameworks";
				PRODUCT_NAME = "$(TARGET_NAME)";
				TEST_HOST = "$(BUILT_PRODUCTS_DIR)/TongChuangBao.app/TongChuangBao";
			};
			name = Debug;
		};
		835C21C11B4D4AA40096EC89 /* Release */ = {
			isa = XCBuildConfiguration;
			buildSettings = {
				BUNDLE_LOADER = "$(TEST_HOST)";
				FRAMEWORK_SEARCH_PATHS = (
					"$(SDKROOT)/Developer/Library/Frameworks",
					"$(inherited)",
				);
				INFOPLIST_FILE = TongChuangBaoTests/Info.plist;
				LD_RUNPATH_SEARCH_PATHS = "$(inherited) @executable_path/Frameworks @loader_path/Frameworks";
				PRODUCT_NAME = "$(TARGET_NAME)";
				TEST_HOST = "$(BUILT_PRODUCTS_DIR)/TongChuangBao.app/TongChuangBao";
			};
			name = Release;
		};
/* End XCBuildConfiguration section */

/* Begin XCConfigurationList section */
		835C21941B4D4AA40096EC89 /* Build configuration list for PBXProject "TongChuangBao" */ = {
			isa = XCConfigurationList;
			buildConfigurations = (
				835C21BA1B4D4AA40096EC89 /* Debug */,
				835C21BB1B4D4AA40096EC89 /* Release */,
			);
			defaultConfigurationIsVisible = 0;
			defaultConfigurationName = Release;
		};
		835C21BC1B4D4AA40096EC89 /* Build configuration list for PBXNativeTarget "TongChuangBao" */ = {
			isa = XCConfigurationList;
			buildConfigurations = (
				835C21BD1B4D4AA40096EC89 /* Debug */,
				835C21BE1B4D4AA40096EC89 /* Release */,
			);
			defaultConfigurationIsVisible = 0;
		};
		835C21BF1B4D4AA40096EC89 /* Build configuration list for PBXNativeTarget "TongChuangBaoTests" */ = {
			isa = XCConfigurationList;
			buildConfigurations = (
				835C21C01B4D4AA40096EC89 /* Debug */,
				835C21C11B4D4AA40096EC89 /* Release */,
			);
			defaultConfigurationIsVisible = 0;
		};
/* End XCConfigurationList section */
	};
	rootObject = 835C21911B4D4AA40096EC89 /* Project object */;
}
